
Microsoft Visual Studio Solution File, Format Version 12.00
# Visual Studio 15
VisualStudioVersion = 15.0.27130.2010
MinimumVisualStudioVersion = 10.0.40219.1
Project("{FAE04EC0-301F-11D3-BF4B-00C04F79EFBC}") = "WcfServiceExample1", "WcfServiceExample1\WcfServiceExample1.csproj", "{888C17BF-3CBF-4258-9619-0DD91B360869}"
EndProject
Project("{FAE04EC0-301F-11D3-BF4B-00C04F79EFBC}") = "HelloClient", "HelloClient\HelloClient.csproj", "{3277206A-4DF0-49FE-9338-8B87F9008C21}"
	ProjectSection(ProjectDependencies) = postProject
		{888C17BF-3CBF-4258-9619-0DD91B360869} = {888C17BF-3CBF-4258-9619-0DD91B360869}
	EndProjectSection
EndProject
Global
	GlobalSection(SolutionConfigurationPlatforms) = preSolution
		Debug|Any CPU = Debug|Any CPU
		Release|Any CPU = Release|Any CPU
	EndGlobalSection
	GlobalSection(ProjectConfigurationPlatforms) = postSolution
		{888C17BF-3CBF-4258-9619-0DD91B360869}.Debug|Any CPU.ActiveCfg = Debug|Any CPU
		{888C17BF-3CBF-4258-9619-0DD91B360869}.Debug|Any CPU.Build.0 = Debug|Any CPU
		{888C17BF-3CBF-4258-9619-0DD91B360869}.Release|Any CPU.ActiveCfg = Release|Any CPU
		{888C17BF-3CBF-4258-9619-0DD91B360869}.Release|Any CPU.Build.0 = Release|Any CPU
		{3277206A-4DF0-49FE-9338-8B87F9008C21}.Debug|Any CPU.ActiveCfg = Debug|Any CPU
		{3277206A-4DF0-49FE-9338-8B87F9008C21}.Debug|Any CPU.Build.0 = Debug|Any CPU
		{3277206A-4DF0-49FE-9338-8B87F9008C21}.Release|Any CPU.ActiveCfg = Release|Any CPU
		{3277206A-4DF0-49FE-9338-8B87F9008C21}.Release|Any CPU.Build.0 = Release|Any CPU
	EndGlobalSection
	GlobalSection(SolutionProperties) = preSolution
		HideSolutionNode = FALSE
	EndGlobalSection
	GlobalSection(ExtensibilityGlobals) = postSolution
		SolutionGuid = {C1A7D5AD-8D43-41B3-BACC-968E962E128C}
	EndGlobalSection
EndGlobal
